
Microsoft Visual Studio Solution File, Format Version 12.00
# Visual Studio Version 17
VisualStudioVersion = 17.2.32519.379
MinimumVisualStudioVersion = 10.0.40219.1
Project("{FAE04EC0-301F-11D3-BF4B-00C04F79EFBC}") = "ParsingPDFs", "ParsingPDFs\ParsingPDFs.csproj", "{E3D00A8B-5962-4D97-B6D7-0D37E2139B62}"
EndProject
Global
	GlobalSection(SolutionConfigurationPlatforms) = preSolution
		Debug|Any CPU = Debug|Any CPU
		Release|Any CPU = Release|Any CPU
	EndGlobalSection
	GlobalSection(ProjectConfigurationPlatforms) = postSolution
		{E3D00A8B-5962-4D97-B6D7-0D37E2139B62}.Debug|Any CPU.ActiveCfg = Debug|Any CPU
		{E3D00A8B-5962-4D97-B6D7-0D37E2139B62}.Debug|Any CPU.Build.0 = Debug|Any CPU
		{E3D00A8B-5962-4D97-B6D7-0D37E2139B62}.Release|Any CPU.ActiveCfg = Release|Any CPU
		{E3D00A8B-5962-4D97-B6D7-0D37E2139B62}.Release|Any CPU.Build.0 = Release|Any CPU
	EndGlobalSection
	GlobalSection(SolutionProperties) = preSolution
		HideSolutionNode = FALSE
	EndGlobalSection
	GlobalSection(ExtensibilityGlobals) = postSolution
		SolutionGuid = {C64BA2DE-565A-4841-A41D-0DEBA6167FD3}
	EndGlobalSection
EndGlobal
